Microsoft Visual Studio Solution File, Format Version 12.00
# Visual Studio Version 17
VisualStudioVersion = 17.5.2.0
MinimumVisualStudioVersion = 10.0.40219.1
Project("{FAE04EC0-301F-11D3-BF4B-00C04F79EFBC}") = "TrafficSimulation", "TrafficSimulation.csproj", "{972BBA02-48A2-0944-5C50-80698A1A1BB0}"
EndProject
Global
	GlobalSection(SolutionConfigurationPlatforms) = preSolution
		Debug|Any CPU = Debug|Any CPU
		Release|Any CPU = Release|Any CPU
	EndGlobalSection
	GlobalSection(ProjectConfigurationPlatforms) = postSolution
		{972BBA02-48A2-0944-5C50-80698A1A1BB0}.Debug|Any CPU.ActiveCfg = Debug|Any CPU
		{972BBA02-48A2-0944-5C50-80698A1A1BB0}.Debug|Any CPU.Build.0 = Debug|Any CPU
		{972BBA02-48A2-0944-5C50-80698A1A1BB0}.Release|Any CPU.ActiveCfg = Release|Any CPU
		{972BBA02-48A2-0944-5C50-80698A1A1BB0}.Release|Any CPU.Build.0 = Release|Any CPU
	EndGlobalSection
	GlobalSection(SolutionProperties) = preSolution
		HideSolutionNode = FALSE
	EndGlobalSection
	GlobalSection(ExtensibilityGlobals) = postSolution
		SolutionGuid = {6489F1E2-8345-4D3D-B873-17546285AED1}
	EndGlobalSection
EndGlobal
